// !$*UTF8*$!
{
	archiveVersion = 1;
	classes = {
	};
	objectVersion = 46;
	objects = {

/* Begin PBXBuildFile section */
		B93149351B502CAB00A135C4 /* main.m in Sources */ = {isa = PBXBuildFile; fileRef = B93149341B502CAB00A135C4 /* main.m */; };
		B93149381B502CAB00A135C4 /* AppDelegate.m in Sources */ = {isa = PBXBuildFile; fileRef = B93149371B502CAB00A135C4 /* AppDelegate.m */; };
		B931493B1B502CAB00A135C4 /* ViewController.m in Sources */ = {isa = PBXBuildFile; fileRef = B931493A1B502CAB00A135C4 /* ViewController.m */; };
		B931493E1B502CAB00A135C4 /* Main.storyboard in Resources */ = {isa = PBXBuildFile; fileRef = B931493C1B502CAB00A135C4 /* Main.storyboard */; };
		B93149401B502CAB00A135C4 /* Images.xcassets in Resources */ = {isa = PBXBuildFile; fileRef = B931493F1B502CAB00A135C4 /* Images.xcassets */; };
		B93149431B502CAB00A135C4 /* LaunchScreen.xib in Resources */ = {isa = PBXBuildFile; fileRef = B93149411B502CAB00A135C4 /* LaunchScreen.xib */; };
		B931494F1B502CAC00A135C4 /* WebServicesTests.m in Sources */ = {isa = PBXBuildFile; fileRef = B931494E1B502CAC00A135C4 /* WebServicesTests.m */; };
/* End PBXBuildFile section */

/* Begin PBXContainerItemProxy section */
		B93149491B502CAC00A135C4 /* PBXContainerItemProxy */ = {
			isa = PBXContainerItemProxy;
			containerPortal = B93149271B502CAB00A135C4 /* Project object */;
			proxyType = 1;
			remoteGlobalIDString = B931492E1B502CAB00A135C4;
			remoteInfo = WebServices;
		};
/* End PBXContainerItemProxy section */

/* Begin PBXFileReference section */
		B931492F1B502CAB00A135C4 /* WebServices.app */ = {isa = PBXFileReference; explicitFileType = wrapper.application; includeInIndex = 0; path = WebServices.app; sourceTree = BUILT_PRODUCTS_DIR; };
		B93149331B502CAB00A135C4 /* Info.plist */ = {isa = PBXFileReference; lastKnownFileType = text.plist.xml; path = Info.plist; sourceTree = "<group>"; };
		B93149341B502CAB00A135C4 /* main.m */ = {isa = PBXFileReference; lastKnownFileType = sourcecode.c.objc; path = main.m; sourceTree = "<group>"; };
		B93149361B502CAB00A135C4 /* AppDelegate.h */ = {isa = PBXFileReference; lastKnownFileType = sourcecode.c.h; path = AppDelegate.h; sourceTree = "<group>"; };
		B93149371B502CAB00A135C4 /* AppDelegate.m */ = {isa = PBXFileReference; lastKnownFileType = sourcecode.c.objc; path = AppDelegate.m; sourceTree = "<group>"; };
		B93149391B502CAB00A135C4 /* ViewController.h */ = {isa = PBXFileReference; lastKnownFileType = sourcecode.c.h; path = ViewController.h; sourceTree = "<group>"; };
		B931493A1B502CAB00A135C4 /* ViewController.m */ = {isa = PBXFileReference; lastKnownFileType = sourcecode.c.objc; path = ViewController.m; sourceTree = "<group>"; };
		B931493D1B502CAB00A135C4 /* Base */ = {isa = PBXFileReference; lastKnownFileType = file.storyboard; name = Base; path = Base.lproj/Main.storyboard; sourceTree = "<group>"; };
		B931493F1B502CAB00A135C4 /* Images.xcassets */ = {isa = PBXFileReference; lastKnownFileType = folder.assetcatalog; path = Images.xcassets; sourceTree = "<group>"; };
		B93149421B502CAB00A135C4 /* Base */ = {isa = PBXFileReference; lastKnownFileType = file.xib; name = Base; path = Base.lproj/LaunchScreen.xib; sourceTree = "<group>"; };
		B93149481B502CAC00A135C4 /* WebServicesTests.xctest */ = {isa = PBXFileReference; explicitFileType = wrapper.cfbundle; includeInIndex = 0; path = WebServicesTests.xctest; sourceTree = BUILT_PRODUCTS_DIR; };
		B931494D1B502CAC00A135C4 /* Info.plist */ = {isa = PBXFileReference; lastKnownFileType = text.plist.xml; path = Info.plist; sourceTree = "<group>"; };
		B931494E1B502CAC00A135C4 /* WebServicesTests.m */ = {isa = PBXFileReference; lastKnownFileType = sourcecode.c.objc; path = WebServicesTests.m; sourceTree = "<group>"; };
/* End PBXFileReference section */

/* Begin PBXFrameworksBuildPhase section */
		B931492C1B502CAB00A135C4 /* Frameworks */ = {
			isa = PBXFrameworksBuildPhase;
			buildActionMask = 2147483647;
			files = (
			);
			runOnlyForDeploymentPostprocessing = 0;
		};
		B93149451B502CAC00A135C4 /* Frameworks */ = {
			isa = PBXFrameworksBuildPhase;
			buildActionMask = 2147483647;
			files = (
			);
			runOnlyForDeploymentPostprocessing = 0;
		};
/* End PBXFrameworksBuildPhase section */

/* Begin PBXGroup section */
		B93149261B502CAB00A135C4 = {
			isa = PBXGroup;
			children = (
				B93149311B502CAB00A135C4 /* WebServices */,
				B931494B1B502CAC00A135C4 /* WebServicesTests */,
				B93149301B502CAB00A135C4 /* Products */,
			);
			sourceTree = "<group>";
		};
		B93149301B502CAB00A135C4 /* Products */ = {
			isa = PBXGroup;
			children = (
				B931492F1B502CAB00A135C4 /* WebServices.app */,
				B93149481B502CAC00A135C4 /* WebServicesTests.xctest */,
			);
			name = Products;
			sourceTree = "<group>";
		};
		B93149311B502CAB00A135C4 /* WebServices */ = {
			isa = PBXGroup;
			children = (
				B93149361B502CAB00A135C4 /* AppDelegate.h */,
				B93149371B502CAB00A135C4 /* AppDelegate.m */,
				B93149391B502CAB00A135C4 /* ViewController.h */,
				B931493A1B502CAB00A135C4 /* ViewController.m */,
				B931493C1B502CAB00A135C4 /* Main.storyboard */,
				B931493F1B502CAB00A135C4 /* Images.xcassets */,
				B93149411B502CAB00A135C4 /* LaunchScreen.xib */,
				B93149321B502CAB00A135C4 /* Supporting Files */,
			);
			path = WebServices;
			sourceTree = "<group>";
		};
		B93149321B502CAB00A135C4 /* Supporting Files */ = {
			isa = PBXGroup;
			children = (
				B93149331B502CAB00A135C4 /* Info.plist */,
				B93149341B502CAB00A135C4 /* main.m */,
			);
			name = "Supporting Files";
			sourceTree = "<group>";
		};
		B931494B1B502CAC00A135C4 /* WebServicesTests */ = {
			isa = PBXGroup;
			children = (
				B931494E1B502CAC00A135C4 /* WebServicesTests.m */,
				B931494C1B502CAC00A135C4 /* Supporting Files */,
			);
			path = WebServicesTests;
			sourceTree = "<group>";
		};
		B931494C1B502CAC00A135C4 /* Supporting Files */ = {
			isa = PBXGroup;
			children = (
				B931494D1B502CAC00A135C4 /* Info.plist */,
			);
			name = "Supporting Files";
			sourceTree = "<group>";
		};
/* End PBXGroup section */

/* Begin PBXNativeTarget section */
		B931492E1B502CAB00A135C4 /* WebServices */ = {
			isa = PBXNativeTarget;
			buildConfigurationList = B93149521B502CAC00A135C4 /* Build configuration list for PBXNativeTarget "WebServices" */;
			buildPhases = (
				B931492B1B502CAB00A135C4 /* Sources */,
				B931492C1B502CAB00A135C4 /* Frameworks */,
				B931492D1B502CAB00A135C4 /* Resources */,
			);
			buildRules = (
			);
			dependencies = (
			);
			name = WebServices;
			productName = WebServices;
			productReference = B931492F1B502CAB00A135C4 /* WebServices.app */;
			productType = "com.apple.product-type.application";
		};
		B93149471B502CAC00A135C4 /* WebServicesTests */ = {
			isa = PBXNativeTarget;
			buildConfigurationList = B93149551B502CAC00A135C4 /* Build configuration list for PBXNativeTarget "WebServicesTests" */;
			buildPhases = (
				B93149441B502CAC00A135C4 /* Sources */,
				B93149451B502CAC00A135C4 /* Frameworks */,
				B93149461B502CAC00A135C4 /* Resources */,
			);
			buildRules = (
			);
			dependencies = (
				B931494A1B502CAC00A135C4 /* PBXTargetDependency */,
			);
			name = WebServicesTests;
			productName = WebServicesTests;
			productReference = B93149481B502CAC00A135C4 /* WebServicesTests.xctest */;
			productType = "com.apple.product-type.bundle.unit-test";
		};
/* End PBXNativeTarget section */

/* Begin PBXProject section */
		B93149271B502CAB00A135C4 /* Project object */ = {
			isa = PBXProject;
			attributes = {
				LastUpgradeCheck = 0640;
				ORGANIZATIONNAME = "Charlie Park";
				TargetAttributes = {
					B931492E1B502CAB00A135C4 = {
						CreatedOnToolsVersion = 6.4;
					};
					B93149471B502CAC00A135C4 = {
						CreatedOnToolsVersion = 6.4;
						TestTargetID = B931492E1B502CAB00A135C4;
					};
				};
			};
			buildConfigurationList = B931492A1B502CAB00A135C4 /* Build configuration list for PBXProject "WebServices" */;
			compatibilityVersion = "Xcode 3.2";
			developmentRegion = English;
			hasScannedForEncodings = 0;
			knownRegions = (
				en,
				Base,
			);
			mainGroup = B93149261B502CAB00A135C4;
			productRefGroup = B93149301B502CAB00A135C4 /* Products */;
			projectDirPath = "";
			projectRoot = "";
			targets = (
				B931492E1B502CAB00A135C4 /* WebServices */,
				B93149471B502CAC00A135C4 /* WebServicesTests */,
			);
		};
/* End PBXProject section */

/* Begin PBXResourcesBuildPhase section */
		B931492D1B502CAB00A135C4 /* Resources */ = {
			isa = PBXResourcesBuildPhase;
			buildActionMask = 2147483647;
			files = (
				B931493E1B502CAB00A135C4 /* Main.storyboard in Resources */,
				B93149431B502CAB00A135C4 /* LaunchScreen.xib in Resources */,
				B93149401B502CAB00A135C4 /* Images.xcassets in Resources */,
			);
			runOnlyForDeploymentPostprocessing = 0;
		};
		B93149461B502CAC00A135C4 /* Resources */ = {
			isa = PBXResourcesBuildPhase;
			buildActionMask = 2147483647;
			files = (
			);
			runOnlyForDeploymentPostprocessing = 0;
		};
/* End PBXResourcesBuildPhase section */

/* Begin PBXSourcesBuildPhase section */
		B931492B1B502CAB00A135C4 /* Sources */ = {
			isa = PBXSourcesBuildPhase;
			buildActionMask = 2147483647;
			files = (
				B931493B1B502CAB00A135C4 /* ViewController.m in Sources */,
				B93149381B502CAB00A135C4 /* AppDelegate.m in Sources */,
				B93149351B502CAB00A135C4 /* main.m in Sources */,
			);
			runOnlyForDeploymentPostprocessing = 0;
		};
		B93149441B502CAC00A135C4 /* Sources */ = {
			isa = PBXSourcesBuildPhase;
			buildActionMask = 2147483647;
			files = (
				B931494F1B502CAC00A135C4 /* WebServicesTests.m in Sources */,
			);
			runOnlyForDeploymentPostprocessing = 0;
		};
/* End PBXSourcesBuildPhase section */

/* Begin PBXTargetDependency section */
		B931494A1B502CAC00A135C4 /* PBXTargetDependency */ = {
			isa = PBXTargetDependency;
			target = B931492E1B502CAB00A135C4 /* WebServices */;
			targetProxy = B93149491B502CAC00A135C4 /* PBXContainerItemProxy */;
		};
/* End PBXTargetDependency section */

/* Begin PBXVariantGroup section */
		B931493C1B502CAB00A135C4 /* Main.storyboard */ = {
			isa = PBXVariantGroup;
			children = (
				B931493D1B502CAB00A135C4 /* Base */,
			);
			name = Main.storyboard;
			sourceTree = "<group>";
		};
		B93149411B502CAB00A135C4 /* LaunchScreen.xib */ = {
			isa = PBXVariantGroup;
			children = (
				B93149421B502CAB00A135C4 /* Base */,
			);
			name = LaunchScreen.xib;
			sourceTree = "<group>";
		};
/* End PBXVariantGroup section */

/* Begin XCBuildConfiguration section */
		B93149501B502CAC00A135C4 /* Debug */ = {
			isa = XCBuildConfiguration;
			buildSettings = {
				ALWAYS_SEARCH_USER_PATHS = NO;
				CLANG_CXX_LANGUAGE_STANDARD = "gnu++0x";
				CLANG_CXX_LIBRARY = "libc++";
				CLANG_ENABLE_MODULES = YES;
				CLANG_ENABLE_OBJC_ARC = YES;
				CLANG_WARN_BOOL_CONVERSION = YES;
				CLANG_WARN_CONSTANT_CONVERSION = YES;
				CLANG_WARN_DIRECT_OBJC_ISA_USAGE = YES_ERROR;
				CLANG_WARN_EMPTY_BODY = YES;
				CLANG_WARN_ENUM_CONVERSION = YES;
				CLANG_WARN_INT_CONVERSION = YES;
				CLANG_WARN_OBJC_ROOT_CLASS = YES_ERROR;
				CLANG_WARN_UNREACHABLE_CODE = YES;
				CLANG_WARN__DUPLICATE_METHOD_MATCH = YES;
				"CODE_SIGN_IDENTITY[sdk=iphoneos*]" = "iPhone Developer";
				COPY_PHASE_STRIP = NO;
				DEBUG_INFORMATION_FORMAT = "dwarf-with-dsym";
				ENABLE_STRICT_OBJC_MSGSEND = YES;
				GCC_C_LANGUAGE_STANDARD = gnu99;
				GCC_DYNAMIC_NO_PIC = NO;
				GCC_NO_COMMON_BLOCKS = YES;
				GCC_OPTIMIZATION_LEVEL = 0;
				GCC_PREPROCESSOR_DEFINITIONS = (
					"DEBUG=1",
					"$(inherited)",
				);
				GCC_SYMBOLS_PRIVATE_EXTERN = NO;
				GCC_WARN_64_TO_32_BIT_CONVERSION = YES;
				GCC_WARN_ABOUT_RETURN_TYPE = YES_ERROR;
				GCC_WARN_UNDECLARED_SELECTOR = YES;
				GCC_WARN_UNINITIALIZED_AUTOS = YES_AGGRESSIVE;
				GCC_WARN_UNUSED_FUNCTION = YES;
				GCC_WARN_UNUSED_VARIABLE = YES;
				IPHONEOS_DEPLOYMENT_TARGET = 8.4;
				MTL_ENABLE_DEBUG_INFO = YES;
				ONLY_ACTIVE_ARCH = YES;
				SDKROOT = iphoneos;
				TARGETED_DEVICE_FAMILY = "1,2";
			};
			name = Debug;
		};
		B93149511B502CAC00A135C4 /* Release */ = {
			isa = XCBuildConfiguration;
			buildSettings = {
				ALWAYS_SEARCH_USER_PATHS = NO;
				CLANG_CXX_LANGUAGE_STANDARD = "gnu++0x";
				CLANG_CXX_LIBRARY = "libc++";
				CLANG_ENABLE_MODULES = YES;
				CLANG_ENABLE_OBJC_ARC = YES;
				CLANG_WARN_BOOL_CONVERSION = YES;
				CLANG_WARN_CONSTANT_CONVERSION = YES;
				CLANG_WARN_DIRECT_OBJC_ISA_USAGE = YES_ERROR;
				CLANG_WARN_EMPTY_BODY = YES;
				CLANG_WARN_ENUM_CONVERSION = YES;
				CLANG_WARN_INT_CONVERSION = YES;
				CLANG_WARN_OBJC_ROOT_CLASS = YES_ERROR;
				CLANG_WARN_UNREACHABLE_CODE = YES;
				CLANG_WARN__DUPLICATE_METHOD_MATCH = YES;
				"CODE_SIGN_IDENTITY[sdk=iphoneos*]" = "iPhone Developer";
				COPY_PHASE_STRIP = NO;
				DEBUG_INFORMATION_FORMAT = "dwarf-with-dsym";
				ENABLE_NS_ASSERTIONS = NO;
				ENABLE_STRICT_OBJC_MSGSEND = YES;
				GCC_C_LANGUAGE_STANDARD = gnu99;
				GCC_NO_COMMON_BLOCKS = YES;
				GCC_WARN_64_TO_32_BIT_CONVERSION = YES;
				GCC_WARN_ABOUT_RETURN_TYPE = YES_ERROR;
				GCC_WARN_UNDECLARED_SELECTOR = YES;
				GCC_WARN_UNINITIALIZED_AUTOS = YES_AGGRESSIVE;
				GCC_WARN_UNUSED_FUNCTION = YES;
				GCC_WARN_UNUSED_VARIABLE = YES;
				IPHONEOS_DEPLOYMENT_TARGET = 8.4;
				MTL_ENABLE_DEBUG_INFO = NO;
				SDKROOT = iphoneos;
				TARGETED_DEVICE_FAMILY = "1,2";
				VALIDATE_PRODUCT = YES;
			};
			name = Release;
		};
		B93149531B502CAC00A135C4 /* Debug */ = {
			isa = XCBuildConfiguration;
			buildSettings = {
				ASSETCATALOG_COMPILER_APPICON_NAME = AppIcon;
				INFOPLIST_FILE = WebServices/Info.plist;
				LD_RUNPATH_SEARCH_PATHS = "$(inherited) @executable_path/Frameworks";
				PRODUCT_NAME = "$(TARGET_NAME)";
			};
			name = Debug;
		};
		B93149541B502CAC00A135C4 /* Release */ = {
			isa = XCBuildConfiguration;
			buildSettings = {
				ASSETCATALOG_COMPILER_APPICON_NAME = AppIcon;
				INFOPLIST_FILE = WebServices/Info.plist;
				LD_RUNPATH_SEARCH_PATHS = "$(inherited) @executable_path/Frameworks";
				PRODUCT_NAME = "$(TARGET_NAME)";
			};
			name = Release;
		};
		B93149561B502CAC00A135C4 /* Debug */ = {
			isa = XCBuildConfiguration;
			buildSettings = {
				BUNDLE_LOADER = "$(TEST_HOST)";
				FRAMEWORK_SEARCH_PATHS = (
					"$(SDKROOT)/Developer/Library/Frameworks",
					"$(inherited)",
				);
				GCC_PREPROCESSOR_DEFINITIONS = (
					"DEBUG=1",
					"$(inherited)",
				);
				INFOPLIST_FILE = WebServicesTests/Info.plist;
				LD_RUNPATH_SEARCH_PATHS = "$(inherited) @executable_path/Frameworks @loader_path/Frameworks";
				PRODUCT_NAME = "$(TARGET_NAME)";
				TEST_HOST = "$(BUILT_PRODUCTS_DIR)/WebServices.app/WebServices";
			};
			name = Debug;
		};
		B93149571B502CAC00A135C4 /* Release */ = {
			isa = XCBuildConfiguration;
			buildSettings = {
				BUNDLE_LOADER = "$(TEST_HOST)";
				FRAMEWORK_SEARCH_PATHS = (
					"$(SDKROOT)/Developer/Library/Frameworks",
					"$(inherited)",
				);
				INFOPLIST_FILE = WebServicesTests/Info.plist;
				LD_RUNPATH_SEARCH_PATHS = "$(inherited) @executable_path/Frameworks @loader_path/Frameworks";
				PRODUCT_NAME = "$(TARGET_NAME)";
				TEST_HOST = "$(BUILT_PRODUCTS_DIR)/WebServices.app/WebServices";
			};
			name = Release;
		};
/* End XCBuildConfiguration section */

/* Begin XCConfigurationList section */
		B931492A1B502CAB00A135C4 /* Build configuration list for PBXProject "WebServices" */ = {
			isa = XCConfigurationList;
			buildConfigurations = (
				B93149501B502CAC00A135C4 /* Debug */,
				B93149511B502CAC00A135C4 /* Release */,
			);
			defaultConfigurationIsVisible = 0;
			defaultConfigurationName = Release;
		};
		B93149521B502CAC00A135C4 /* Build configuration list for PBXNativeTarget "WebServices" */ = {
			isa = XCConfigurationList;
			buildConfigurations = (
				B93149531B502CAC00A135C4 /* Debug */,
				B93149541B502CAC00A135C4 /* Release */,
			);
			defaultConfigurationIsVisible = 0;
		};
		B93149551B502CAC00A135C4 /* Build configuration list for PBXNativeTarget "WebServicesTests" */ = {
			isa = XCConfigurationList;
			buildConfigurations = (
				B93149561B502CAC00A135C4 /* Debug */,
				B93149571B502CAC00A135C4 /* Release */,
			);
			defaultConfigurationIsVisible = 0;
		};
/* End XCConfigurationList section */
	};
	rootObject = B93149271B502CAB00A135C4 /* Project object */;
}
